// !$*UTF8*$!
{
	archiveVersion = 1;
	classes = {
	};
	objectVersion = 50;
	objects = {

/* Begin PBXBuildFile section */
		BBB7B009208B03200003A26C /* AppDelegate.swift in Sources */ = {isa = PBXBuildFile; fileRef = BBB7B008208B03200003A26C /* AppDelegate.swift */; };
		BBB7B00B208B03220003A26C /* Assets.xcassets in Resources */ = {isa = PBXBuildFile; fileRef = BBB7B00A208B03220003A26C /* Assets.xcassets */; };
		BBB7B00E208B03220003A26C /* MainMenu.xib in Resources */ = {isa = PBXBuildFile; fileRef = BBB7B00C208B03220003A26C /* MainMenu.xib */; };
		BBB7B017208B033A0003A26C /* RobotControll.swift in Sources */ = {isa = PBXBuildFile; fileRef = BBB7B016208B033A0003A26C /* RobotControll.swift */; };
		BBB7B019208B069E0003A26C /* ControllWindow.swift in Sources */ = {isa = PBXBuildFile; fileRef = BBB7B018208B069E0003A26C /* ControllWindow.swift */; };
		F90C3E6D2644778644C3FA8C /* Pods_RobotControll.framework in Frameworks */ = {isa = PBXBuildFile; fileRef = 521EAB0B601A14098218CECA /* Pods_RobotControll.framework */; };
/* End PBXBuildFile section */

/* Begin PBXFileReference section */
		0791F7CE6BCC3E0219317D09 /* Pods-RobotControll.debug.xcconfig */ = {isa = PBXFileReference; includeInIndex = 1; lastKnownFileType = text.xcconfig; name = "Pods-RobotControll.debug.xcconfig"; path = "Pods/Target Support Files/Pods-RobotControll/Pods-RobotControll.debug.xcconfig"; sourceTree = "<group>"; };
		447683C0A33686BDD833F46C /* Pods-RobotControll.release.xcconfig */ = {isa = PBXFileReference; includeInIndex = 1; lastKnownFileType = text.xcconfig; name = "Pods-RobotControll.release.xcconfig"; path = "Pods/Target Support Files/Pods-RobotControll/Pods-RobotControll.release.xcconfig"; sourceTree = "<group>"; };
		521EAB0B601A14098218CECA /* Pods_RobotControll.framework */ = {isa = PBXFileReference; explicitFileType = wrapper.framework; includeInIndex = 0; path = Pods_RobotControll.framework; sourceTree = BUILT_PRODUCTS_DIR; };
		BBB7B005208B03200003A26C /* RobotControll.app */ = {isa = PBXFileReference; explicitFileType = wrapper.application; includeInIndex = 0; path = RobotControll.app; sourceTree = BUILT_PRODUCTS_DIR; };
		BBB7B008208B03200003A26C /* AppDelegate.swift */ = {isa = PBXFileReference; lastKnownFileType = sourcecode.swift; path = AppDelegate.swift; sourceTree = "<group>"; };
		BBB7B00A208B03220003A26C /* Assets.xcassets */ = {isa = PBXFileReference; lastKnownFileType = folder.assetcatalog; path = Assets.xcassets; sourceTree = "<group>"; };
		BBB7B00D208B03220003A26C /* Base */ = {isa = PBXFileReference; lastKnownFileType = file.xib; name = Base; path = Base.lproj/MainMenu.xib; sourceTree = "<group>"; };
		BBB7B00F208B03220003A26C /* Info.plist */ = {isa = PBXFileReference; lastKnownFileType = text.plist.xml; path = Info.plist; sourceTree = "<group>"; };
		BBB7B010208B03220003A26C /* RobotControll.entitlements */ = {isa = PBXFileReference; lastKnownFileType = text.plist.entitlements; path = RobotControll.entitlements; sourceTree = "<group>"; };
		BBB7B016208B033A0003A26C /* RobotControll.swift */ = {isa = PBXFileReference; lastKnownFileType = sourcecode.swift; path = RobotControll.swift; sourceTree = "<group>"; };
		BBB7B018208B069E0003A26C /* ControllWindow.swift */ = {isa = PBXFileReference; lastKnownFileType = sourcecode.swift; path = ControllWindow.swift; sourceTree = "<group>"; };
/* End PBXFileReference section */

/* Begin PBXFrameworksBuildPhase section */
		BBB7B002208B03200003A26C /* Frameworks */ = {
			isa = PBXFrameworksBuildPhase;
			buildActionMask = 2147483647;
			files = (
				F90C3E6D2644778644C3FA8C /* Pods_RobotControll.framework in Frameworks */,
			);
			runOnlyForDeploymentPostprocessing = 0;
		};
/* End PBXFrameworksBuildPhase section */

/* Begin PBXGroup section */
		0FF44B63109FEA05029270A3 /* Frameworks */ = {
			isa = PBXGroup;
			children = (
				521EAB0B601A14098218CECA /* Pods_RobotControll.framework */,
			);
			name = Frameworks;
			sourceTree = "<group>";
		};
		BBB7AFFC208B03200003A26C = {
			isa = PBXGroup;
			children = (
				BBB7B007208B03200003A26C /* RobotControll */,
				BBB7B006208B03200003A26C /* Products */,
				D9A002C5EA804B05BEAFAD06 /* Pods */,
				0FF44B63109FEA05029270A3 /* Frameworks */,
			);
			sourceTree = "<group>";
		};
		BBB7B006208B03200003A26C /* Products */ = {
			isa = PBXGroup;
			children = (
				BBB7B005208B03200003A26C /* RobotControll.app */,
			);
			name = Products;
			sourceTree = "<group>";
		};
		BBB7B007208B03200003A26C /* RobotControll */ = {
			isa = PBXGroup;
			children = (
				BBB7B008208B03200003A26C /* AppDelegate.swift */,
				BBB7B00A208B03220003A26C /* Assets.xcassets */,
				BBB7B00C208B03220003A26C /* MainMenu.xib */,
				BBB7B00F208B03220003A26C /* Info.plist */,
				BBB7B010208B03220003A26C /* RobotControll.entitlements */,
				BBB7B016208B033A0003A26C /* RobotControll.swift */,
				BBB7B018208B069E0003A26C /* ControllWindow.swift */,
			);
			path = RobotControll;
			sourceTree = "<group>";
		};
		D9A002C5EA804B05BEAFAD06 /* Pods */ = {
			isa = PBXGroup;
			children = (
				0791F7CE6BCC3E0219317D09 /* Pods-RobotControll.debug.xcconfig */,
				447683C0A33686BDD833F46C /* Pods-RobotControll.release.xcconfig */,
			);
			name = Pods;
			sourceTree = "<group>";
		};
/* End PBXGroup section */

/* Begin PBXNativeTarget section */
		BBB7B004208B03200003A26C /* RobotControll */ = {
			isa = PBXNativeTarget;
			buildConfigurationList = BBB7B013208B03220003A26C /* Build configuration list for PBXNativeTarget "RobotControll" */;
			buildPhases = (
				648F403FC9A3F156C4FBB5EA /* [CP] Check Pods Manifest.lock */,
				BBB7B001208B03200003A26C /* Sources */,
				BBB7B002208B03200003A26C /* Frameworks */,
				BBB7B003208B03200003A26C /* Resources */,
				911A542F5F29D52A5BFB92EF /* [CP] Embed Pods Frameworks */,
				898AFC66238D873CC3CBAC15 /* [CP] Copy Pods Resources */,
			);
			buildRules = (
			);
			dependencies = (
			);
			name = RobotControll;
			productName = RobotControll;
			productReference = BBB7B005208B03200003A26C /* RobotControll.app */;
			productType = "com.apple.product-type.application";
		};
/* End PBXNativeTarget section */

/* Begin PBXProject section */
		BBB7AFFD208B03200003A26C /* Project object */ = {
			isa = PBXProject;
			attributes = {
				LastSwiftUpdateCheck = 0930;
				LastUpgradeCheck = 0930;
				ORGANIZATIONNAME = "Max von Webel";
				TargetAttributes = {
					BBB7B004208B03200003A26C = {
						CreatedOnToolsVersion = 9.3;
					};
				};
			};
			buildConfigurationList = BBB7B000208B03200003A26C /* Build configuration list for PBXProject "RobotControll" */;
			compatibilityVersion = "Xcode 9.3";
			developmentRegion = en;
			hasScannedForEncodings = 0;
			knownRegions = (
				en,
				Base,
			);
			mainGroup = BBB7AFFC208B03200003A26C;
			productRefGroup = BBB7B006208B03200003A26C /* Products */;
			projectDirPath = "";
			projectRoot = "";
			targets = (
				BBB7B004208B03200003A26C /* RobotControll */,
			);
		};
/* End PBXProject section */

/* Begin PBXResourcesBuildPhase section */
		BBB7B003208B03200003A26C /* Resources */ = {
			isa = PBXResourcesBuildPhase;
			buildActionMask = 2147483647;
			files = (
				BBB7B00B208B03220003A26C /* Assets.xcassets in Resources */,
				BBB7B00E208B03220003A26C /* MainMenu.xib in Resources */,
			);
			runOnlyForDeploymentPostprocessing = 0;
		};
/* End PBXResourcesBuildPhase section */

/* Begin PBXShellScriptBuildPhase section */
		648F403FC9A3F156C4FBB5EA /* [CP] Check Pods Manifest.lock */ = {
			isa = PBXShellScriptBuildPhase;
			buildActionMask = 2147483647;
			files = (
			);
			inputPaths = (
				"${PODS_PODFILE_DIR_PATH}/Podfile.lock",
				"${PODS_ROOT}/Manifest.lock",
			);
			name = "[CP] Check Pods Manifest.lock";
			outputPaths = (
				"$(DERIVED_FILE_DIR)/Pods-RobotControll-checkManifestLockResult.txt",
			);
			runOnlyForDeploymentPostprocessing = 0;
			shellPath = /bin/sh;
			shellScript = "diff \"${PODS_PODFILE_DIR_PATH}/Podfile.lock\" \"${PODS_ROOT}/Manifest.lock\" > /dev/null\nif [ $? != 0 ] ; then\n    # print error to STDERR\n    echo \"error: The sandbox is not in sync with the Podfile.lock. Run 'pod install' or update your CocoaPods installation.\" >&2\n    exit 1\nfi\n# This output is used by Xcode 'outputs' to avoid re-running this script phase.\necho \"SUCCESS\" > \"${SCRIPT_OUTPUT_FILE_0}\"\n";
			showEnvVarsInLog = 0;
		};
		898AFC66238D873CC3CBAC15 /* [CP] Copy Pods Resources */ = {
			isa = PBXShellScriptBuildPhase;
			buildActionMask = 2147483647;
			files = (
			);
			inputPaths = (
			);
			name = "[CP] Copy Pods Resources";
			outputPaths = (
			);
			runOnlyForDeploymentPostprocessing = 0;
			shellPath = /bin/sh;
			shellScript = "\"${SRCROOT}/Pods/Target Support Files/Pods-RobotControll/Pods-RobotControll-resources.sh\"\n";
			showEnvVarsInLog = 0;
		};
		911A542F5F29D52A5BFB92EF /* [CP] Embed Pods Frameworks */ = {
			isa = PBXShellScriptBuildPhase;
			buildActionMask = 2147483647;
			files = (
			);
			inputPaths = (
				"${SRCROOT}/Pods/Target Support Files/Pods-RobotControll/Pods-RobotControll-frameworks.sh",
				"${BUILT_PRODUCTS_DIR}/Reachability/Reachability.framework",
				"${BUILT_PRODUCTS_DIR}/SwiftSocket/SwiftSocket.framework",
			);
			name = "[CP] Embed Pods Frameworks";
			outputPaths = (
				"${TARGET_BUILD_DIR}/${FRAMEWORKS_FOLDER_PATH}/Reachability.framework",
				"${TARGET_BUILD_DIR}/${FRAMEWORKS_FOLDER_PATH}/SwiftSocket.framework",
			);
			runOnlyForDeploymentPostprocessing = 0;
			shellPath = /bin/sh;
			shellScript = "\"${SRCROOT}/Pods/Target Support Files/Pods-RobotControll/Pods-RobotControll-frameworks.sh\"\n";
			showEnvVarsInLog = 0;
		};
/* End PBXShellScriptBuildPhase section */

/* Begin PBXSourcesBuildPhase section */
		BBB7B001208B03200003A26C /* Sources */ = {
			isa = PBXSourcesBuildPhase;
			buildActionMask = 2147483647;
			files = (
				BBB7B019208B069E0003A26C /* ControllWindow.swift in Sources */,
				BBB7B009208B03200003A26C /* AppDelegate.swift in Sources */,
				BBB7B017208B033A0003A26C /* RobotControll.swift in Sources */,
			);
			runOnlyForDeploymentPostprocessing = 0;
		};
/* End PBXSourcesBuildPhase section */

/* Begin PBXVariantGroup section */
		BBB7B00C208B03220003A26C /* MainMenu.xib */ = {
			isa = PBXVariantGroup;
			children = (
				BBB7B00D208B03220003A26C /* Base */,
			);
			name = MainMenu.xib;
			sourceTree = "<group>";
		};
/* End PBXVariantGroup section */

/* Begin XCBuildConfiguration section */
		BBB7B011208B03220003A26C /* Debug */ = {
			isa = XCBuildConfiguration;
			buildSettings = {
				ALWAYS_SEARCH_USER_PATHS = NO;
				CLANG_ANALYZER_NONNULL = YES;
				CLANG_ANALYZER_NUMBER_OBJECT_CONVERSION = YES_AGGRESSIVE;
				CLANG_CXX_LANGUAGE_STANDARD = "gnu++14";
				CLANG_CXX_LIBRARY = "libc++";
				CLANG_ENABLE_MODULES = YES;
				CLANG_ENABLE_OBJC_ARC = YES;
				CLANG_ENABLE_OBJC_WEAK = YES;
				CLANG_WARN_BLOCK_CAPTURE_AUTORELEASING = YES;
				CLANG_WARN_BOOL_CONVERSION = YES;
				CLANG_WARN_COMMA = YES;
				CLANG_WARN_CONSTANT_CONVERSION = YES;
				CLANG_WARN_DEPRECATED_OBJC_IMPLEMENTATIONS = YES;
				CLANG_WARN_DIRECT_OBJC_ISA_USAGE = YES_ERROR;
				CLANG_WARN_DOCUMENTATION_COMMENTS = YES;
				CLANG_WARN_EMPTY_BODY = YES;
				CLANG_WARN_ENUM_CONVERSION = YES;
				CLANG_WARN_INFINITE_RECURSION = YES;
				CLANG_WARN_INT_CONVERSION = YES;
				CLANG_WARN_NON_LITERAL_NULL_CONVERSION = YES;
				CLANG_WARN_OBJC_IMPLICIT_RETAIN_SELF = YES;
				CLANG_WARN_OBJC_LITERAL_CONVERSION = YES;
				CLANG_WARN_OBJC_ROOT_CLASS = YES_ERROR;
				CLANG_WARN_RANGE_LOOP_ANALYSIS = YES;
				CLANG_WARN_STRICT_PROTOTYPES = YES;
				CLANG_WARN_SUSPICIOUS_MOVE = YES;
				CLANG_WARN_UNGUARDED_AVAILABILITY = YES_AGGRESSIVE;
				CLANG_WARN_UNREACHABLE_CODE = YES;
				CLANG_WARN__DUPLICATE_METHOD_MATCH = YES;
				CODE_SIGN_IDENTITY = "-";
				COPY_PHASE_STRIP = NO;
				DEBUG_INFORMATION_FORMAT = dwarf;
				ENABLE_STRICT_OBJC_MSGSEND = YES;
				ENABLE_TESTABILITY = YES;
				GCC_C_LANGUAGE_STANDARD = gnu11;
				GCC_DYNAMIC_NO_PIC = NO;
				GCC_NO_COMMON_BLOCKS = YES;
				GCC_OPTIMIZATION_LEVEL = 0;
				GCC_PREPROCESSOR_DEFINITIONS = (
					"DEBUG=1",
					"$(inherited)",
				);
				GCC_WARN_64_TO_32_BIT_CONVERSION = YES;
				GCC_WARN_ABOUT_RETURN_TYPE = YES_ERROR;
				GCC_WARN_UNDECLARED_SELECTOR = YES;
				GCC_WARN_UNINITIALIZED_AUTOS = YES_AGGRESSIVE;
				GCC_WARN_UNUSED_FUNCTION = YES;
				GCC_WARN_UNUSED_VARIABLE = YES;
				MACOSX_DEPLOYMENT_TARGET = 10.13;
				MTL_ENABLE_DEBUG_INFO = YES;
				ONLY_ACTIVE_ARCH = YES;
				SDKROOT = macosx;
				SWIFT_ACTIVE_COMPILATION_CONDITIONS = DEBUG;
				SWIFT_OPTIMIZATION_LEVEL = "-Onone";
			};
			name = Debug;
		};
		BBB7B012208B03220003A26C /* Release */ = {
			isa = XCBuildConfiguration;
			buildSettings = {
				ALWAYS_SEARCH_USER_PATHS = NO;
				CLANG_ANALYZER_NONNULL = YES;
				CLANG_ANALYZER_NUMBER_OBJECT_CONVERSION = YES_AGGRESSIVE;
				CLANG_CXX_LANGUAGE_STANDARD = "gnu++14";
				CLANG_CXX_LIBRARY = "libc++";
				CLANG_ENABLE_MODULES = YES;
				CLANG_ENABLE_OBJC_ARC = YES;
				CLANG_ENABLE_OBJC_WEAK = YES;
				CLANG_WARN_BLOCK_CAPTURE_AUTORELEASING = YES;
				CLANG_WARN_BOOL_CONVERSION = YES;
				CLANG_WARN_COMMA = YES;
				CLANG_WARN_CONSTANT_CONVERSION = YES;
				CLANG_WARN_DEPRECATED_OBJC_IMPLEMENTATIONS = YES;
				CLANG_WARN_DIRECT_OBJC_ISA_USAGE = YES_ERROR;
				CLANG_WARN_DOCUMENTATION_COMMENTS = YES;
				CLANG_WARN_EMPTY_BODY = YES;
				CLANG_WARN_ENUM_CONVERSION = YES;
				CLANG_WARN_INFINITE_RECURSION = YES;
				CLANG_WARN_INT_CONVERSION = YES;
				CLANG_WARN_NON_LITERAL_NULL_CONVERSION = YES;
				CLANG_WARN_OBJC_IMPLICIT_RETAIN_SELF = YES;
				CLANG_WARN_OBJC_LITERAL_CONVERSION = YES;
				CLANG_WARN_OBJC_ROOT_CLASS = YES_ERROR;
				CLANG_WARN_RANGE_LOOP_ANALYSIS = YES;
				CLANG_WARN_STRICT_PROTOTYPES = YES;
				CLANG_WARN_SUSPICIOUS_MOVE = YES;
				CLANG_WARN_UNGUARDED_AVAILABILITY = YES_AGGRESSIVE;
				CLANG_WARN_UNREACHABLE_CODE = YES;
				CLANG_WARN__DUPLICATE_METHOD_MATCH = YES;
				CODE_SIGN_IDENTITY = "-";
				COPY_PHASE_STRIP = NO;
				DEBUG_INFORMATION_FORMAT = "dwarf-with-dsym";
				ENABLE_NS_ASSERTIONS = NO;
				ENABLE_STRICT_OBJC_MSGSEND = YES;
				GCC_C_LANGUAGE_STANDARD = gnu11;
				GCC_NO_COMMON_BLOCKS = YES;
				GCC_WARN_64_TO_32_BIT_CONVERSION = YES;
				GCC_WARN_ABOUT_RETURN_TYPE = YES_ERROR;
				GCC_WARN_UNDECLARED_SELECTOR = YES;
				GCC_WARN_UNINITIALIZED_AUTOS = YES_AGGRESSIVE;
				GCC_WARN_UNUSED_FUNCTION = YES;
				GCC_WARN_UNUSED_VARIABLE = YES;
				MACOSX_DEPLOYMENT_TARGET = 10.13;
				MTL_ENABLE_DEBUG_INFO = NO;
				SDKROOT = macosx;
				SWIFT_COMPILATION_MODE = wholemodule;
				SWIFT_OPTIMIZATION_LEVEL = "-O";
			};
			name = Release;
		};
		BBB7B014208B03220003A26C /* Debug */ = {
			isa = XCBuildConfiguration;
			baseConfigurationReference = 0791F7CE6BCC3E0219317D09 /* Pods-RobotControll.debug.xcconfig */;
			buildSettings = {
				ASSETCATALOG_COMPILER_APPICON_NAME = AppIcon;
				CODE_SIGN_ENTITLEMENTS = RobotControll/RobotControll.entitlements;
				CODE_SIGN_STYLE = Automatic;
				COMBINE_HIDPI_IMAGES = YES;
				INFOPLIST_FILE = RobotControll/Info.plist;
				LD_RUNPATH_SEARCH_PATHS = "$(inherited) @executable_path/../Frameworks";
				PRODUCT_BUNDLE_IDENTIFIER = de.343max.RobotControll;
				PRODUCT_NAME = "$(TARGET_NAME)";
				SWIFT_VERSION = 4.0;
			};
			name = Debug;
		};
		BBB7B015208B03220003A26C /* Release */ = {
			isa = XCBuildConfiguration;
			baseConfigurationReference = 447683C0A33686BDD833F46C /* Pods-RobotControll.release.xcconfig */;
			buildSettings = {
				ASSETCATALOG_COMPILER_APPICON_NAME = AppIcon;
				CODE_SIGN_ENTITLEMENTS = RobotControll/RobotControll.entitlements;
				CODE_SIGN_STYLE = Automatic;
				COMBINE_HIDPI_IMAGES = YES;
				INFOPLIST_FILE = RobotControll/Info.plist;
				LD_RUNPATH_SEARCH_PATHS = "$(inherited) @executable_path/../Frameworks";
				PRODUCT_BUNDLE_IDENTIFIER = de.343max.RobotControll;
				PRODUCT_NAME = "$(TARGET_NAME)";
				SWIFT_VERSION = 4.0;
			};
			name = Release;
		};
/* End XCBuildConfiguration section */

/* Begin XCConfigurationList section */
		BBB7B000208B03200003A26C /* Build configuration list for PBXProject "RobotControll" */ = {
			isa = XCConfigurationList;
			buildConfigurations = (
				BBB7B011208B03220003A26C /* Debug */,
				BBB7B012208B03220003A26C /* Release */,
			);
			defaultConfigurationIsVisible = 0;
			defaultConfigurationName = Release;
		};
		BBB7B013208B03220003A26C /* Build configuration list for PBXNativeTarget "RobotControll" */ = {
			isa = XCConfigurationList;
			buildConfigurations = (
				BBB7B014208B03220003A26C /* Debug */,
				BBB7B015208B03220003A26C /* Release */,
			);
			defaultConfigurationIsVisible = 0;
			defaultConfigurationName = Release;
		};
/* End XCConfigurationList section */
	};
	rootObject = BBB7AFFD208B03200003A26C /* Project object */;
}
